
Microsoft Visual Studio Solution File, Format Version 12.00
# Visual Studio Version 17
VisualStudioVersion = 17.11.35312.102
MinimumVisualStudioVersion = 10.0.40219.1
Project("{FAE04EC0-301F-11D3-BF4B-00C04F79EFBC}") = "Sales.Domain", "Sales.Domain\Sales.Domain.csproj", "{03BB402C-F172-42F8-BD54-164F8E8F58B9}"
EndProject
Project("{FAE04EC0-301F-11D3-BF4B-00C04F79EFBC}") = "Sales.Infrastructure", "Sales.Infrastructure\Sales.Infrastructure.csproj", "{4B4AEB21-555F-4253-B888-8D05C8E1FEBB}"
EndProject
Project("{FAE04EC0-301F-11D3-BF4B-00C04F79EFBC}") = "Saleselectronic", "Saleselectronic\Saleselectronic.csproj", "{3C83D536-4A49-4842-A7FB-67E30CC3F204}"
EndProject
Project("{FAE04EC0-301F-11D3-BF4B-00C04F79EFBC}") = "ElectronicStore", "ElectronicStore\ElectronicStore.csproj", "{FD79A71A-DF25-435F-9B95-85A1AC00F5DE}"
EndProject
Project("{FAE04EC0-301F-11D3-BF4B-00C04F79EFBC}") = "Sales.Aplication", "Sales.Aplication\Sales.Aplication.csproj", "{D904A73C-509D-4883-9F84-00B1C539C63B}"
EndProject
Global
	GlobalSection(SolutionConfigurationPlatforms) = preSolution
		Debug|Any CPU = Debug|Any CPU
		Release|Any CPU = Release|Any CPU
	EndGlobalSection
	GlobalSection(ProjectConfigurationPlatforms) = postSolution
		{03BB402C-F172-42F8-BD54-164F8E8F58B9}.Debug|Any CPU.ActiveCfg = Debug|Any CPU
		{03BB402C-F172-42F8-BD54-164F8E8F58B9}.Debug|Any CPU.Build.0 = Debug|Any CPU
		{03BB402C-F172-42F8-BD54-164F8E8F58B9}.Release|Any CPU.ActiveCfg = Release|Any CPU
		{03BB402C-F172-42F8-BD54-164F8E8F58B9}.Release|Any CPU.Build.0 = Release|Any CPU
		{4B4AEB21-555F-4253-B888-8D05C8E1FEBB}.Debug|Any CPU.ActiveCfg = Debug|Any CPU
		{4B4AEB21-555F-4253-B888-8D05C8E1FEBB}.Debug|Any CPU.Build.0 = Debug|Any CPU
		{4B4AEB21-555F-4253-B888-8D05C8E1FEBB}.Release|Any CPU.ActiveCfg = Release|Any CPU
		{4B4AEB21-555F-4253-B888-8D05C8E1FEBB}.Release|Any CPU.Build.0 = Release|Any CPU
		{3C83D536-4A49-4842-A7FB-67E30CC3F204}.Debug|Any CPU.ActiveCfg = Debug|Any CPU
		{3C83D536-4A49-4842-A7FB-67E30CC3F204}.Debug|Any CPU.Build.0 = Debug|Any CPU
		{3C83D536-4A49-4842-A7FB-67E30CC3F204}.Release|Any CPU.ActiveCfg = Release|Any CPU
		{3C83D536-4A49-4842-A7FB-67E30CC3F204}.Release|Any CPU.Build.0 = Release|Any CPU
		{FD79A71A-DF25-435F-9B95-85A1AC00F5DE}.Debug|Any CPU.ActiveCfg = Debug|Any CPU
		{FD79A71A-DF25-435F-9B95-85A1AC00F5DE}.Debug|Any CPU.Build.0 = Debug|Any CPU
		{FD79A71A-DF25-435F-9B95-85A1AC00F5DE}.Release|Any CPU.ActiveCfg = Release|Any CPU
		{FD79A71A-DF25-435F-9B95-85A1AC00F5DE}.Release|Any CPU.Build.0 = Release|Any CPU
		{D904A73C-509D-4883-9F84-00B1C539C63B}.Debug|Any CPU.ActiveCfg = Debug|Any CPU
		{D904A73C-509D-4883-9F84-00B1C539C63B}.Debug|Any CPU.Build.0 = Debug|Any CPU
		{D904A73C-509D-4883-9F84-00B1C539C63B}.Release|Any CPU.ActiveCfg = Release|Any CPU
		{D904A73C-509D-4883-9F84-00B1C539C63B}.Release|Any CPU.Build.0 = Release|Any CPU
	EndGlobalSection
	GlobalSection(SolutionProperties) = preSolution
		HideSolutionNode = FALSE
	EndGlobalSection
	GlobalSection(ExtensibilityGlobals) = postSolution
		SolutionGuid = {FC96229A-BE97-4C4E-A2DC-A95C5C15439A}
	EndGlobalSection
EndGlobal
